
Microsoft Visual Studio Solution File, Format Version 12.00
# Visual Studio Version 16
VisualStudioVersion = 16.0.30523.141
MinimumVisualStudioVersion = 10.0.40219.1
Project("{FAE04EC0-301F-11D3-BF4B-00C04F79EFBC}") = "SpraysMod", "SpraysMod.csproj", "{04D64C2E-EE20-45EE-8B4E-DD78E41CE4C2}"
EndProject
Global
	GlobalSection(SolutionConfigurationPlatforms) = preSolution
		Debug|Any CPU = Debug|Any CPU
		Release|Any CPU = Release|Any CPU
	EndGlobalSection
	GlobalSection(ProjectConfigurationPlatforms) = postSolution
		{04D64C2E-EE20-45EE-8B4E-DD78E41CE4C2}.Debug|Any CPU.ActiveCfg = Debug|Any CPU
		{04D64C2E-EE20-45EE-8B4E-DD78E41CE4C2}.Debug|Any CPU.Build.0 = Debug|Any CPU
		{04D64C2E-EE20-45EE-8B4E-DD78E41CE4C2}.Release|Any CPU.ActiveCfg = Release|Any CPU
		{04D64C2E-EE20-45EE-8B4E-DD78E41CE4C2}.Release|Any CPU.Build.0 = Release|Any CPU
	EndGlobalSection
	GlobalSection(SolutionProperties) = preSolution
		HideSolutionNode = FALSE
	EndGlobalSection
	GlobalSection(ExtensibilityGlobals) = postSolution
		SolutionGuid = {92F6D9AB-84B9-42AD-9F49-FE15CE39540A}
	EndGlobalSection
EndGlobal
